PODS:
  - Alamofire (5.4.4)
  - Kingfisher (7.1.2)
  - ProgressHUD (13.6)

DEPENDENCIES:
  - Alamofire
  - Kingfisher (~> 7.0)
  - ProgressHUD

SPEC REPOS:
  trunk:
    - Alamofire
    - Kingfisher
    - ProgressHUD

SPEC CHECKSUMS:
  Alamofire: f3b09a368f1582ab751b3fff5460276e0d2cf5c9
  Kingfisher: 44ed6a8504763f27bab46163adfac83f5deb240c
  ProgressHUD: 4bdaa0d2ddf676b23324b199f9facffb5c3a1620

PODFILE CHECKSUM: e5cf5fc3ec4ba362a75eefaa4ec4ba65dc6735c1

COCOAPODS: 1.11.2
